
Microsoft Visual Studio Solution File, Format Version 12.00
# Visual Studio Version 17
VisualStudioVersion = 17.12.35527.113 d17.12
MinimumVisualStudioVersion = 10.0.40219.1
Project("{FAE04EC0-301F-11D3-BF4B-00C04F79EFBC}") = "CarPooling.Infrastructure", "..\CarPooling.Infrastructure\CarPooling.Infrastructure\CarPooling.Infrastructure.csproj", "{882E0474-C64D-42A9-B213-9F5D37884904}"
EndProject
Project("{FAE04EC0-301F-11D3-BF4B-00C04F79EFBC}") = "CarPooling.Domain", "..\CarPooling.Domain\CarPooling.Domain\CarPooling.Domain.csproj", "{9E6C00FA-36F7-4654-979F-3C226E31B9E0}"
EndProject
Project("{FAE04EC0-301F-11D3-BF4B-00C04F79EFBC}") = "CarPooling.Application", "..\CarPooling.Application\CarPooling.Application\CarPooling.Application.csproj", "{C9CEF1C1-A4BA-473F-8BFE-47C265F8B260}"
EndProject
Project("{FAE04EC0-301F-11D3-BF4B-00C04F79EFBC}") = "CarPooling.API", "..\CarPooling.API\CarPooling.API\CarPooling.API.csproj", "{CF7FA16C-0046-4B58-974E-FAA594F8FBE6}"
EndProject
Global
	GlobalSection(SolutionConfigurationPlatforms) = preSolution
		Debug|Any CPU = Debug|Any CPU
		Release|Any CPU = Release|Any CPU
	EndGlobalSection
	GlobalSection(ProjectConfigurationPlatforms) = postSolution
		{882E0474-C64D-42A9-B213-9F5D37884904}.Debug|Any CPU.ActiveCfg = Debug|Any CPU
		{882E0474-C64D-42A9-B213-9F5D37884904}.Debug|Any CPU.Build.0 = Debug|Any CPU
		{882E0474-C64D-42A9-B213-9F5D37884904}.Release|Any CPU.ActiveCfg = Release|Any CPU
		{882E0474-C64D-42A9-B213-9F5D37884904}.Release|Any CPU.Build.0 = Release|Any CPU
		{9E6C00FA-36F7-4654-979F-3C226E31B9E0}.Debug|Any CPU.ActiveCfg = Debug|Any CPU
		{9E6C00FA-36F7-4654-979F-3C226E31B9E0}.Debug|Any CPU.Build.0 = Debug|Any CPU
		{9E6C00FA-36F7-4654-979F-3C226E31B9E0}.Release|Any CPU.ActiveCfg = Release|Any CPU
		{9E6C00FA-36F7-4654-979F-3C226E31B9E0}.Release|Any CPU.Build.0 = Release|Any CPU
		{C9CEF1C1-A4BA-473F-8BFE-47C265F8B260}.Debug|Any CPU.ActiveCfg = Debug|Any CPU
		{C9CEF1C1-A4BA-473F-8BFE-47C265F8B260}.Debug|Any CPU.Build.0 = Debug|Any CPU
		{C9CEF1C1-A4BA-473F-8BFE-47C265F8B260}.Release|Any CPU.ActiveCfg = Release|Any CPU
		{C9CEF1C1-A4BA-473F-8BFE-47C265F8B260}.Release|Any CPU.Build.0 = Release|Any CPU
		{CF7FA16C-0046-4B58-974E-FAA594F8FBE6}.Debug|Any CPU.ActiveCfg = Debug|Any CPU
		{CF7FA16C-0046-4B58-974E-FAA594F8FBE6}.Debug|Any CPU.Build.0 = Debug|Any CPU
		{CF7FA16C-0046-4B58-974E-FAA594F8FBE6}.Release|Any CPU.ActiveCfg = Release|Any CPU
		{CF7FA16C-0046-4B58-974E-FAA594F8FBE6}.Release|Any CPU.Build.0 = Release|Any CPU
	EndGlobalSection
	GlobalSection(SolutionProperties) = preSolution
		HideSolutionNode = FALSE
	EndGlobalSection
EndGlobal
